// !$*UTF8*$!
{
	archiveVersion = 1;
	classes = {
	};
	objectVersion = 48;
	objects = {

/* Begin PBXBuildFile section */
		3B00C0F3225B715D004AB0F0 /* AppDelegate.swift in Sources */ = {isa = PBXBuildFile; fileRef = 3B00C0F2225B715D004AB0F0 /* AppDelegate.swift */; };
		3B00C0F5225B715D004AB0F0 /* ViewController.swift in Sources */ = {isa = PBXBuildFile; fileRef = 3B00C0F4225B715D004AB0F0 /* ViewController.swift */; };
		3B00C0F8225B715D004AB0F0 /* Main.storyboard in Resources */ = {isa = PBXBuildFile; fileRef = 3B00C0F6225B715D004AB0F0 /* Main.storyboard */; };
		3B00C0FA225B715D004AB0F0 /* Assets.xcassets in Resources */ = {isa = PBXBuildFile; fileRef = 3B00C0F9225B715D004AB0F0 /* Assets.xcassets */; };
		3B00C0FD225B715D004AB0F0 /* LaunchScreen.storyboard in Resources */ = {isa = PBXBuildFile; fileRef = 3B00C0FB225B715D004AB0F0 /* LaunchScreen.storyboard */; };
		3B00C108225B715D004AB0F0 /* jDetectTests.swift in Sources */ = {isa = PBXBuildFile; fileRef = 3B00C107225B715D004AB0F0 /* jDetectTests.swift */; };
		3B00C113225B715D004AB0F0 /* jDetectUITests.swift in Sources */ = {isa = PBXBuildFile; fileRef = 3B00C112225B715D004AB0F0 /* jDetectUITests.swift */; };
/* End PBXBuildFile section */

/* Begin PBXContainerItemProxy section */
		3B00C104225B715D004AB0F0 /* PBXContainerItemProxy */ = {
			isa = PBXContainerItemProxy;
			containerPortal = 3B00C0E7225B715D004AB0F0 /* Project object */;
			proxyType = 1;
			remoteGlobalIDString = 3B00C0EE225B715D004AB0F0;
			remoteInfo = jDetect;
		};
		3B00C10F225B715D004AB0F0 /* PBXContainerItemProxy */ = {
			isa = PBXContainerItemProxy;
			containerPortal = 3B00C0E7225B715D004AB0F0 /* Project object */;
			proxyType = 1;
			remoteGlobalIDString = 3B00C0EE225B715D004AB0F0;
			remoteInfo = jDetect;
		};
/* End PBXContainerItemProxy section */

/* Begin PBXFileReference section */
		3B00C0EF225B715D004AB0F0 /* jDetect.app */ = {isa = PBXFileReference; explicitFileType = wrapper.application; includeInIndex = 0; path = jDetect.app; sourceTree = BUILT_PRODUCTS_DIR; };
		3B00C0F2225B715D004AB0F0 /* AppDelegate.swift */ = {isa = PBXFileReference; lastKnownFileType = sourcecode.swift; path = AppDelegate.swift; sourceTree = "<group>"; };
		3B00C0F4225B715D004AB0F0 /* ViewController.swift */ = {isa = PBXFileReference; lastKnownFileType = sourcecode.swift; path = ViewController.swift; sourceTree = "<group>"; };
		3B00C0F7225B715D004AB0F0 /* Base */ = {isa = PBXFileReference; lastKnownFileType = file.storyboard; name = Base; path = Base.lproj/Main.storyboard; sourceTree = "<group>"; };
		3B00C0F9225B715D004AB0F0 /* Assets.xcassets */ = {isa = PBXFileReference; lastKnownFileType = folder.assetcatalog; path = Assets.xcassets; sourceTree = "<group>"; };
		3B00C0FC225B715D004AB0F0 /* Base */ = {isa = PBXFileReference; lastKnownFileType = file.storyboard; name = Base; path = Base.lproj/LaunchScreen.storyboard; sourceTree = "<group>"; };
		3B00C0FE225B715D004AB0F0 /* Info.plist */ = {isa = PBXFileReference; lastKnownFileType = text.plist.xml; path = Info.plist; sourceTree = "<group>"; };
		3B00C103225B715D004AB0F0 /* jDetectTests.xctest */ = {isa = PBXFileReference; explicitFileType = wrapper.cfbundle; includeInIndex = 0; path = jDetectTests.xctest; sourceTree = BUILT_PRODUCTS_DIR; };
		3B00C107225B715D004AB0F0 /* jDetectTests.swift */ = {isa = PBXFileReference; lastKnownFileType = sourcecode.swift; path = jDetectTests.swift; sourceTree = "<group>"; };
		3B00C109225B715D004AB0F0 /* Info.plist */ = {isa = PBXFileReference; lastKnownFileType = text.plist.xml; path = Info.plist; sourceTree = "<group>"; };
		3B00C10E225B715D004AB0F0 /* jDetectUITests.xctest */ = {isa = PBXFileReference; explicitFileType = wrapper.cfbundle; includeInIndex = 0; path = jDetectUITests.xctest; sourceTree = BUILT_PRODUCTS_DIR; };
		3B00C112225B715D004AB0F0 /* jDetectUITests.swift */ = {isa = PBXFileReference; lastKnownFileType = sourcecode.swift; path = jDetectUITests.swift; sourceTree = "<group>"; };
		3B00C114225B715D004AB0F0 /* Info.plist */ = {isa = PBXFileReference; lastKnownFileType = text.plist.xml; path = Info.plist; sourceTree = "<group>"; };
/* End PBXFileReference section */

/* Begin PBXFrameworksBuildPhase section */
		3B00C0EC225B715D004AB0F0 /* Frameworks */ = {
			isa = PBXFrameworksBuildPhase;
			buildActionMask = 2147483647;
			files = (
			);
			runOnlyForDeploymentPostprocessing = 0;
		};
		3B00C100225B715D004AB0F0 /* Frameworks */ = {
			isa = PBXFrameworksBuildPhase;
			buildActionMask = 2147483647;
			files = (
			);
			runOnlyForDeploymentPostprocessing = 0;
		};
		3B00C10B225B715D004AB0F0 /* Frameworks */ = {
			isa = PBXFrameworksBuildPhase;
			buildActionMask = 2147483647;
			files = (
			);
			runOnlyForDeploymentPostprocessing = 0;
		};
/* End PBXFrameworksBuildPhase section */

/* Begin PBXGroup section */
		3B00C0E6225B715D004AB0F0 = {
			isa = PBXGroup;
			children = (
				3B00C0F1225B715D004AB0F0 /* jDetect */,
				3B00C106225B715D004AB0F0 /* jDetectTests */,
				3B00C111225B715D004AB0F0 /* jDetectUITests */,
				3B00C0F0225B715D004AB0F0 /* Products */,
			);
			sourceTree = "<group>";
		};
		3B00C0F0225B715D004AB0F0 /* Products */ = {
			isa = PBXGroup;
			children = (
				3B00C0EF225B715D004AB0F0 /* jDetect.app */,
				3B00C103225B715D004AB0F0 /* jDetectTests.xctest */,
				3B00C10E225B715D004AB0F0 /* jDetectUITests.xctest */,
			);
			name = Products;
			sourceTree = "<group>";
		};
		3B00C0F1225B715D004AB0F0 /* jDetect */ = {
			isa = PBXGroup;
			children = (
				3B00C0F2225B715D004AB0F0 /* AppDelegate.swift */,
				3B00C0F4225B715D004AB0F0 /* ViewController.swift */,
				3B00C0F6225B715D004AB0F0 /* Main.storyboard */,
				3B00C0F9225B715D004AB0F0 /* Assets.xcassets */,
				3B00C0FB225B715D004AB0F0 /* LaunchScreen.storyboard */,
				3B00C0FE225B715D004AB0F0 /* Info.plist */,
			);
			path = jDetect;
			sourceTree = "<group>";
		};
		3B00C106225B715D004AB0F0 /* jDetectTests */ = {
			isa = PBXGroup;
			children = (
				3B00C107225B715D004AB0F0 /* jDetectTests.swift */,
				3B00C109225B715D004AB0F0 /* Info.plist */,
			);
			path = jDetectTests;
			sourceTree = "<group>";
		};
		3B00C111225B715D004AB0F0 /* jDetectUITests */ = {
			isa = PBXGroup;
			children = (
				3B00C112225B715D004AB0F0 /* jDetectUITests.swift */,
				3B00C114225B715D004AB0F0 /* Info.plist */,
			);
			path = jDetectUITests;
			sourceTree = "<group>";
		};
/* End PBXGroup section */

/* Begin PBXNativeTarget section */
		3B00C0EE225B715D004AB0F0 /* jDetect */ = {
			isa = PBXNativeTarget;
			buildConfigurationList = 3B00C117225B715D004AB0F0 /* Build configuration list for PBXNativeTarget "jDetect" */;
			buildPhases = (
				3B00C0EB225B715D004AB0F0 /* Sources */,
				3B00C0EC225B715D004AB0F0 /* Frameworks */,
				3B00C0ED225B715D004AB0F0 /* Resources */,
			);
			buildRules = (
			);
			dependencies = (
			);
			name = jDetect;
			productName = jDetect;
			productReference = 3B00C0EF225B715D004AB0F0 /* jDetect.app */;
			productType = "com.apple.product-type.application";
		};
		3B00C102225B715D004AB0F0 /* jDetectTests */ = {
			isa = PBXNativeTarget;
			buildConfigurationList = 3B00C11A225B715D004AB0F0 /* Build configuration list for PBXNativeTarget "jDetectTests" */;
			buildPhases = (
				3B00C0FF225B715D004AB0F0 /* Sources */,
				3B00C100225B715D004AB0F0 /* Frameworks */,
				3B00C101225B715D004AB0F0 /* Resources */,
			);
			buildRules = (
			);
			dependencies = (
				3B00C105225B715D004AB0F0 /* PBXTargetDependency */,
			);
			name = jDetectTests;
			productName = jDetectTests;
			productReference = 3B00C103225B715D004AB0F0 /* jDetectTests.xctest */;
			productType = "com.apple.product-type.bundle.unit-test";
		};
		3B00C10D225B715D004AB0F0 /* jDetectUITests */ = {
			isa = PBXNativeTarget;
			buildConfigurationList = 3B00C11D225B715D004AB0F0 /* Build configuration list for PBXNativeTarget "jDetectUITests" */;
			buildPhases = (
				3B00C10A225B715D004AB0F0 /* Sources */,
				3B00C10B225B715D004AB0F0 /* Frameworks */,
				3B00C10C225B715D004AB0F0 /* Resources */,
			);
			buildRules = (
			);
			dependencies = (
				3B00C110225B715D004AB0F0 /* PBXTargetDependency */,
			);
			name = jDetectUITests;
			productName = jDetectUITests;
			productReference = 3B00C10E225B715D004AB0F0 /* jDetectUITests.xctest */;
			productType = "com.apple.product-type.bundle.ui-testing";
		};
/* End PBXNativeTarget section */

/* Begin PBXProject section */
		3B00C0E7225B715D004AB0F0 /* Project object */ = {
			isa = PBXProject;
			attributes = {
				LastSwiftUpdateCheck = 0920;
				LastUpgradeCheck = 0920;
				ORGANIZATIONNAME = "frestie ngongo";
				TargetAttributes = {
					3B00C0EE225B715D004AB0F0 = {
						CreatedOnToolsVersion = 9.2;
						ProvisioningStyle = Automatic;
					};
					3B00C102225B715D004AB0F0 = {
						CreatedOnToolsVersion = 9.2;
						ProvisioningStyle = Automatic;
						TestTargetID = 3B00C0EE225B715D004AB0F0;
					};
					3B00C10D225B715D004AB0F0 = {
						CreatedOnToolsVersion = 9.2;
						ProvisioningStyle = Automatic;
						TestTargetID = 3B00C0EE225B715D004AB0F0;
					};
				};
			};
			buildConfigurationList = 3B00C0EA225B715D004AB0F0 /* Build configuration list for PBXProject "jDetect" */;
			compatibilityVersion = "Xcode 8.0";
			developmentRegion = en;
			hasScannedForEncodings = 0;
			knownRegions = (
				en,
				Base,
			);
			mainGroup = 3B00C0E6225B715D004AB0F0;
			productRefGroup = 3B00C0F0225B715D004AB0F0 /* Products */;
			projectDirPath = "";
			projectRoot = "";
			targets = (
				3B00C0EE225B715D004AB0F0 /* jDetect */,
				3B00C102225B715D004AB0F0 /* jDetectTests */,
				3B00C10D225B715D004AB0F0 /* jDetectUITests */,
			);
		};
/* End PBXProject section */

/* Begin PBXResourcesBuildPhase section */
		3B00C0ED225B715D004AB0F0 /* Resources */ = {
			isa = PBXResourcesBuildPhase;
			buildActionMask = 2147483647;
			files = (
				3B00C0FD225B715D004AB0F0 /* LaunchScreen.storyboard in Resources */,
				3B00C0FA225B715D004AB0F0 /* Assets.xcassets in Resources */,
				3B00C0F8225B715D004AB0F0 /* Main.storyboard in Resources */,
			);
			runOnlyForDeploymentPostprocessing = 0;
		};
		3B00C101225B715D004AB0F0 /* Resources */ = {
			isa = PBXResourcesBuildPhase;
			buildActionMask = 2147483647;
			files = (
			);
			runOnlyForDeploymentPostprocessing = 0;
		};
		3B00C10C225B715D004AB0F0 /* Resources */ = {
			isa = PBXResourcesBuildPhase;
			buildActionMask = 2147483647;
			files = (
			);
			runOnlyForDeploymentPostprocessing = 0;
		};
/* End PBXResourcesBuildPhase section */

/* Begin PBXSourcesBuildPhase section */
		3B00C0EB225B715D004AB0F0 /* Sources */ = {
			isa = PBXSourcesBuildPhase;
			buildActionMask = 2147483647;
			files = (
				3B00C0F5225B715D004AB0F0 /* ViewController.swift in Sources */,
				3B00C0F3225B715D004AB0F0 /* AppDelegate.swift in Sources */,
			);
			runOnlyForDeploymentPostprocessing = 0;
		};
		3B00C0FF225B715D004AB0F0 /* Sources */ = {
			isa = PBXSourcesBuildPhase;
			buildActionMask = 2147483647;
			files = (
				3B00C108225B715D004AB0F0 /* jDetectTests.swift in Sources */,
			);
			runOnlyForDeploymentPostprocessing = 0;
		};
		3B00C10A225B715D004AB0F0 /* Sources */ = {
			isa = PBXSourcesBuildPhase;
			buildActionMask = 2147483647;
			files = (
				3B00C113225B715D004AB0F0 /* jDetectUITests.swift in Sources */,
			);
			runOnlyForDeploymentPostprocessing = 0;
		};
/* End PBXSourcesBuildPhase section */

/* Begin PBXTargetDependency section */
		3B00C105225B715D004AB0F0 /* PBXTargetDependency */ = {
			isa = PBXTargetDependency;
			target = 3B00C0EE225B715D004AB0F0 /* jDetect */;
			targetProxy = 3B00C104225B715D004AB0F0 /* PBXContainerItemProxy */;
		};
		3B00C110225B715D004AB0F0 /* PBXTargetDependency */ = {
			isa = PBXTargetDependency;
			target = 3B00C0EE225B715D004AB0F0 /* jDetect */;
			targetProxy = 3B00C10F225B715D004AB0F0 /* PBXContainerItemProxy */;
		};
/* End PBXTargetDependency section */

/* Begin PBXVariantGroup section */
		3B00C0F6225B715D004AB0F0 /* Main.storyboard */ = {
			isa = PBXVariantGroup;
			children = (
				3B00C0F7225B715D004AB0F0 /* Base */,
			);
			name = Main.storyboard;
			sourceTree = "<group>";
		};
		3B00C0FB225B715D004AB0F0 /* LaunchScreen.storyboard */ = {
			isa = PBXVariantGroup;
			children = (
				3B00C0FC225B715D004AB0F0 /* Base */,
			);
			name = LaunchScreen.storyboard;
			sourceTree = "<group>";
		};
/* End PBXVariantGroup section */

/* Begin XCBuildConfiguration section */
		3B00C115225B715D004AB0F0 /* Debug */ = {
			isa = XCBuildConfiguration;
			buildSettings = {
				ALWAYS_SEARCH_USER_PATHS = NO;
				CLANG_ANALYZER_NONNULL = YES;
				CLANG_ANALYZER_NUMBER_OBJECT_CONVERSION = YES_AGGRESSIVE;
				CLANG_CXX_LANGUAGE_STANDARD = "gnu++14";
				CLANG_CXX_LIBRARY = "libc++";
				CLANG_ENABLE_MODULES = YES;
				CLANG_ENABLE_OBJC_ARC = YES;
				CLANG_WARN_BLOCK_CAPTURE_AUTORELEASING = YES;
				CLANG_WARN_BOOL_CONVERSION = YES;
				CLANG_WARN_COMMA = YES;
				CLANG_WARN_CONSTANT_CONVERSION = YES;
				CLANG_WARN_DIRECT_OBJC_ISA_USAGE = YES_ERROR;
				CLANG_WARN_DOCUMENTATION_COMMENTS = YES;
				CLANG_WARN_EMPTY_BODY = YES;
				CLANG_WARN_ENUM_CONVERSION = YES;
				CLANG_WARN_INFINITE_RECURSION = YES;
				CLANG_WARN_INT_CONVERSION = YES;
				CLANG_WARN_NON_LITERAL_NULL_CONVERSION = YES;
				CLANG_WARN_OBJC_LITERAL_CONVERSION = YES;
				CLANG_WARN_OBJC_ROOT_CLASS = YES_ERROR;
				CLANG_WARN_RANGE_LOOP_ANALYSIS = YES;
				CLANG_WARN_STRICT_PROTOTYPES = YES;
				CLANG_WARN_SUSPICIOUS_MOVE = YES;
				CLANG_WARN_UNGUARDED_AVAILABILITY = YES_AGGRESSIVE;
				CLANG_WARN_UNREACHABLE_CODE = YES;
				CLANG_WARN__DUPLICATE_METHOD_MATCH = YES;
				CODE_SIGN_IDENTITY = "iPhone Developer";
				COPY_PHASE_STRIP = NO;
				DEBUG_INFORMATION_FORMAT = dwarf;
				ENABLE_STRICT_OBJC_MSGSEND = YES;
				ENABLE_TESTABILITY = YES;
				GCC_C_LANGUAGE_STANDARD = gnu11;
				GCC_DYNAMIC_NO_PIC = NO;
				GCC_NO_COMMON_BLOCKS = YES;
				GCC_OPTIMIZATION_LEVEL = 0;
				GCC_PREPROCESSOR_DEFINITIONS = (
					"DEBUG=1",
					"$(inherited)",
				);
				GCC_WARN_64_TO_32_BIT_CONVERSION = YES;
				GCC_WARN_ABOUT_RETURN_TYPE = YES_ERROR;
				GCC_WARN_UNDECLARED_SELECTOR = YES;
				GCC_WARN_UNINITIALIZED_AUTOS = YES_AGGRESSIVE;
				GCC_WARN_UNUSED_FUNCTION = YES;
				GCC_WARN_UNUSED_VARIABLE = YES;
				IPHONEOS_DEPLOYMENT_TARGET = 11.2;
				MTL_ENABLE_DEBUG_INFO = YES;
				ONLY_ACTIVE_ARCH = YES;
				SDKROOT = iphoneos;
				SWIFT_ACTIVE_COMPILATION_CONDITIONS = DEBUG;
				SWIFT_OPTIMIZATION_LEVEL = "-Onone";
			};
			name = Debug;
		};
		3B00C116225B715D004AB0F0 /* Release */ = {
			isa = XCBuildConfiguration;
			buildSettings = {
				ALWAYS_SEARCH_USER_PATHS = NO;
				CLANG_ANALYZER_NONNULL = YES;
				CLANG_ANALYZER_NUMBER_OBJECT_CONVERSION = YES_AGGRESSIVE;
				CLANG_CXX_LANGUAGE_STANDARD = "gnu++14";
				CLANG_CXX_LIBRARY = "libc++";
				CLANG_ENABLE_MODULES = YES;
				CLANG_ENABLE_OBJC_ARC = YES;
				CLANG_WARN_BLOCK_CAPTURE_AUTORELEASING = YES;
				CLANG_WARN_BOOL_CONVERSION = YES;
				CLANG_WARN_COMMA = YES;
				CLANG_WARN_CONSTANT_CONVERSION = YES;
				CLANG_WARN_DIRECT_OBJC_ISA_USAGE = YES_ERROR;
				CLANG_WARN_DOCUMENTATION_COMMENTS = YES;
				CLANG_WARN_EMPTY_BODY = YES;
				CLANG_WARN_ENUM_CONVERSION = YES;
				CLANG_WARN_INFINITE_RECURSION = YES;
				CLANG_WARN_INT_CONVERSION = YES;
				CLANG_WARN_NON_LITERAL_NULL_CONVERSION = YES;
				CLANG_WARN_OBJC_LITERAL_CONVERSION = YES;
				CLANG_WARN_OBJC_ROOT_CLASS = YES_ERROR;
				CLANG_WARN_RANGE_LOOP_ANALYSIS = YES;
				CLANG_WARN_STRICT_PROTOTYPES = YES;
				CLANG_WARN_SUSPICIOUS_MOVE = YES;
				CLANG_WARN_UNGUARDED_AVAILABILITY = YES_AGGRESSIVE;
				CLANG_WARN_UNREACHABLE_CODE = YES;
				CLANG_WARN__DUPLICATE_METHOD_MATCH = YES;
				CODE_SIGN_IDENTITY = "iPhone Developer";
				COPY_PHASE_STRIP = NO;
				DEBUG_INFORMATION_FORMAT = "dwarf-with-dsym";
				ENABLE_NS_ASSERTIONS = NO;
				ENABLE_STRICT_OBJC_MSGSEND = YES;
				GCC_C_LANGUAGE_STANDARD = gnu11;
				GCC_NO_COMMON_BLOCKS = YES;
				GCC_WARN_64_TO_32_BIT_CONVERSION = YES;
				GCC_WARN_ABOUT_RETURN_TYPE = YES_ERROR;
				GCC_WARN_UNDECLARED_SELECTOR = YES;
				GCC_WARN_UNINITIALIZED_AUTOS = YES_AGGRESSIVE;
				GCC_WARN_UNUSED_FUNCTION = YES;
				GCC_WARN_UNUSED_VARIABLE = YES;
				IPHONEOS_DEPLOYMENT_TARGET = 11.2;
				MTL_ENABLE_DEBUG_INFO = NO;
				SDKROOT = iphoneos;
				SWIFT_OPTIMIZATION_LEVEL = "-Owholemodule";
				VALIDATE_PRODUCT = YES;
			};
			name = Release;
		};
		3B00C118225B715D004AB0F0 /* Debug */ = {
			isa = XCBuildConfiguration;
			buildSettings = {
				ASSETCATALOG_COMPILER_APPICON_NAME = AppIcon;
				CODE_SIGN_STYLE = Automatic;
				INFOPLIST_FILE = jDetect/Info.plist;
				LD_RUNPATH_SEARCH_PATHS = "$(inherited) @executable_path/Frameworks";
				PRODUCT_BUNDLE_IDENTIFIER = User.jDetect;
				PRODUCT_NAME = "$(TARGET_NAME)";
				SWIFT_VERSION = 4.0;
				TARGETED_DEVICE_FAMILY = "1,2";
			};
			name = Debug;
		};
		3B00C119225B715D004AB0F0 /* Release */ = {
			isa = XCBuildConfiguration;
			buildSettings = {
				ASSETCATALOG_COMPILER_APPICON_NAME = AppIcon;
				CODE_SIGN_STYLE = Automatic;
				INFOPLIST_FILE = jDetect/Info.plist;
				LD_RUNPATH_SEARCH_PATHS = "$(inherited) @executable_path/Frameworks";
				PRODUCT_BUNDLE_IDENTIFIER = User.jDetect;
				PRODUCT_NAME = "$(TARGET_NAME)";
				SWIFT_VERSION = 4.0;
				TARGETED_DEVICE_FAMILY = "1,2";
			};
			name = Release;
		};
		3B00C11B225B715D004AB0F0 /* Debug */ = {
			isa = XCBuildConfiguration;
			buildSettings = {
				ALWAYS_EMBED_SWIFT_STANDARD_LIBRARIES = YES;
				BUNDLE_LOADER = "$(TEST_HOST)";
				CODE_SIGN_STYLE = Automatic;
				INFOPLIST_FILE = jDetectTests/Info.plist;
				LD_RUNPATH_SEARCH_PATHS = "$(inherited) @executable_path/Frameworks @loader_path/Frameworks";
				PRODUCT_BUNDLE_IDENTIFIER = User.jDetectTests;
				PRODUCT_NAME = "$(TARGET_NAME)";
				SWIFT_VERSION = 4.0;
				TARGETED_DEVICE_FAMILY = "1,2";
				TEST_HOST = "$(BUILT_PRODUCTS_DIR)/jDetect.app/jDetect";
			};
			name = Debug;
		};
		3B00C11C225B715D004AB0F0 /* Release */ = {
			isa = XCBuildConfiguration;
			buildSettings = {
				ALWAYS_EMBED_SWIFT_STANDARD_LIBRARIES = YES;
				BUNDLE_LOADER = "$(TEST_HOST)";
				CODE_SIGN_STYLE = Automatic;
				INFOPLIST_FILE = jDetectTests/Info.plist;
				LD_RUNPATH_SEARCH_PATHS = "$(inherited) @executable_path/Frameworks @loader_path/Frameworks";
				PRODUCT_BUNDLE_IDENTIFIER = User.jDetectTests;
				PRODUCT_NAME = "$(TARGET_NAME)";
				SWIFT_VERSION = 4.0;
				TARGETED_DEVICE_FAMILY = "1,2";
				TEST_HOST = "$(BUILT_PRODUCTS_DIR)/jDetect.app/jDetect";
			};
			name = Release;
		};
		3B00C11E225B715D004AB0F0 /* Debug */ = {
			isa = XCBuildConfiguration;
			buildSettings = {
				ALWAYS_EMBED_SWIFT_STANDARD_LIBRARIES = YES;
				CODE_SIGN_STYLE = Automatic;
				INFOPLIST_FILE = jDetectUITests/Info.plist;
				LD_RUNPATH_SEARCH_PATHS = "$(inherited) @executable_path/Frameworks @loader_path/Frameworks";
				PRODUCT_BUNDLE_IDENTIFIER = User.jDetectUITests;
				PRODUCT_NAME = "$(TARGET_NAME)";
				SWIFT_VERSION = 4.0;
				TARGETED_DEVICE_FAMILY = "1,2";
				TEST_TARGET_NAME = jDetect;
			};
			name = Debug;
		};
		3B00C11F225B715D004AB0F0 /* Release */ = {
			isa = XCBuildConfiguration;
			buildSettings = {
				ALWAYS_EMBED_SWIFT_STANDARD_LIBRARIES = YES;
				CODE_SIGN_STYLE = Automatic;
				INFOPLIST_FILE = jDetectUITests/Info.plist;
				LD_RUNPATH_SEARCH_PATHS = "$(inherited) @executable_path/Frameworks @loader_path/Frameworks";
				PRODUCT_BUNDLE_IDENTIFIER = User.jDetectUITests;
				PRODUCT_NAME = "$(TARGET_NAME)";
				SWIFT_VERSION = 4.0;
				TARGETED_DEVICE_FAMILY = "1,2";
				TEST_TARGET_NAME = jDetect;
			};
			name = Release;
		};
/* End XCBuildConfiguration section */

/* Begin XCConfigurationList section */
		3B00C0EA225B715D004AB0F0 /* Build configuration list for PBXProject "jDetect" */ = {
			isa = XCConfigurationList;
			buildConfigurations = (
				3B00C115225B715D004AB0F0 /* Debug */,
				3B00C116225B715D004AB0F0 /* Release */,
			);
			defaultConfigurationIsVisible = 0;
			defaultConfigurationName = Release;
		};
		3B00C117225B715D004AB0F0 /* Build configuration list for PBXNativeTarget "jDetect" */ = {
			isa = XCConfigurationList;
			buildConfigurations = (
				3B00C118225B715D004AB0F0 /* Debug */,
				3B00C119225B715D004AB0F0 /* Release */,
			);
			defaultConfigurationIsVisible = 0;
			defaultConfigurationName = Release;
		};
		3B00C11A225B715D004AB0F0 /* Build configuration list for PBXNativeTarget "jDetectTests" */ = {
			isa = XCConfigurationList;
			buildConfigurations = (
				3B00C11B225B715D004AB0F0 /* Debug */,
				3B00C11C225B715D004AB0F0 /* Release */,
			);
			defaultConfigurationIsVisible = 0;
			defaultConfigurationName = Release;
		};
		3B00C11D225B715D004AB0F0 /* Build configuration list for PBXNativeTarget "jDetectUITests" */ = {
			isa = XCConfigurationList;
			buildConfigurations = (
				3B00C11E225B715D004AB0F0 /* Debug */,
				3B00C11F225B715D004AB0F0 /* Release */,
			);
			defaultConfigurationIsVisible = 0;
			defaultConfigurationName = Release;
		};
/* End XCConfigurationList section */
	};
	rootObject = 3B00C0E7225B715D004AB0F0 /* Project object */;
}
